
Microsoft Visual Studio Solution File, Format Version 12.00
# Visual Studio Version 17
VisualStudioVersion = 17.0.31912.275
MinimumVisualStudioVersion = 10.0.40219.1
Project("{FAE04EC0-301F-11D3-BF4B-00C04F79EFBC}") = "Simple.RPC", "Simple.RPC\Simple.RPC.csproj", "{5E9D6174-855C-46A6-A387-99344A5F84A0}"
EndProject
Project("{9A19103F-16F7-4668-BE54-9A1E7A4F7556}") = "Example", "Example\Example.csproj", "{83840672-6A12-4779-A9AF-AACC8207E813}"
EndProject
Global
	GlobalSection(SolutionConfigurationPlatforms) = preSolution
		Debug|Any CPU = Debug|Any CPU
		Release|Any CPU = Release|Any CPU
	EndGlobalSection
	GlobalSection(ProjectConfigurationPlatforms) = postSolution
		{5E9D6174-855C-46A6-A387-99344A5F84A0}.Debug|Any CPU.ActiveCfg = Debug|Any CPU
		{5E9D6174-855C-46A6-A387-99344A5F84A0}.Debug|Any CPU.Build.0 = Debug|Any CPU
		{5E9D6174-855C-46A6-A387-99344A5F84A0}.Release|Any CPU.ActiveCfg = Release|Any CPU
		{5E9D6174-855C-46A6-A387-99344A5F84A0}.Release|Any CPU.Build.0 = Release|Any CPU
		{83840672-6A12-4779-A9AF-AACC8207E813}.Debug|Any CPU.ActiveCfg = Debug|Any CPU
		{83840672-6A12-4779-A9AF-AACC8207E813}.Debug|Any CPU.Build.0 = Debug|Any CPU
		{83840672-6A12-4779-A9AF-AACC8207E813}.Release|Any CPU.ActiveCfg = Release|Any CPU
		{83840672-6A12-4779-A9AF-AACC8207E813}.Release|Any CPU.Build.0 = Release|Any CPU
	EndGlobalSection
	GlobalSection(SolutionProperties) = preSolution
		HideSolutionNode = FALSE
	EndGlobalSection
	GlobalSection(ExtensibilityGlobals) = postSolution
		SolutionGuid = {96856617-A32C-4BDB-ADDB-87DE193706A6}
	EndGlobalSection
EndGlobal
